
Microsoft Visual Studio Solution File, Format Version 12.00
# Visual Studio 2012
Project("{FAE04EC0-301F-11D3-BF4B-00C04F79EFBC}") = "ForexApp", "ForexApp\ForexApp.csproj", "{DB892D39-8A23-44A3-8E3A-ABC6240347E3}"
EndProject
Global
	GlobalSection(SolutionConfigurationPlatforms) = preSolution
		Debug|Any CPU = Debug|Any CPU
		Release|Any CPU = Release|Any CPU
	EndGlobalSection
	GlobalSection(ProjectConfigurationPlatforms) = postSolution
		{DB892D39-8A23-44A3-8E3A-ABC6240347E3}.Debug|Any CPU.ActiveCfg = Debug|Any CPU
		{DB892D39-8A23-44A3-8E3A-ABC6240347E3}.Debug|Any CPU.Build.0 = Debug|Any CPU
		{DB892D39-8A23-44A3-8E3A-ABC6240347E3}.Release|Any CPU.ActiveCfg = Release|Any CPU
		{DB892D39-8A23-44A3-8E3A-ABC6240347E3}.Release|Any CPU.Build.0 = Release|Any CPU
	EndGlobalSection
	GlobalSection(SolutionProperties) = preSolution
		HideSolutionNode = FALSE
	EndGlobalSection
EndGlobal
